
Microsoft Visual Studio Solution File, Format Version 12.00
# Visual Studio Version 17
VisualStudioVersion = 17.6.33829.357
MinimumVisualStudioVersion = 10.0.40219.1
Project("{FAE04EC0-301F-11D3-BF4B-00C04F79EFBC}") = "RequestResponseModule", "RequestResponseModule.csproj", "{585F4908-A2DA-453C-813B-E3239C7A4393}"
EndProject
Global
	GlobalSection(SolutionConfigurationPlatforms) = preSolution
		Debug|Any CPU = Debug|Any CPU
		Release|Any CPU = Release|Any CPU
	EndGlobalSection
	GlobalSection(ProjectConfigurationPlatforms) = postSolution
		{585F4908-A2DA-453C-813B-E3239C7A4393}.Debug|Any CPU.ActiveCfg = Debug|Any CPU
		{585F4908-A2DA-453C-813B-E3239C7A4393}.Debug|Any CPU.Build.0 = Debug|Any CPU
		{585F4908-A2DA-453C-813B-E3239C7A4393}.Release|Any CPU.ActiveCfg = Release|Any CPU
		{585F4908-A2DA-453C-813B-E3239C7A4393}.Release|Any CPU.Build.0 = Release|Any CPU
	EndGlobalSection
	GlobalSection(SolutionProperties) = preSolution
		HideSolutionNode = FALSE
	EndGlobalSection
	GlobalSection(ExtensibilityGlobals) = postSolution
		SolutionGuid = {7C36D22E-9528-4D77-9D09-A95E7DC36CF7}
	EndGlobalSection
EndGlobal
